
Microsoft Visual Studio Solution File, Format Version 12.00
# Visual Studio Version 17
VisualStudioVersion = 17.14.36301.6 d17.14
MinimumVisualStudioVersion = 10.0.40219.1
Project("{FAE04EC0-301F-11D3-BF4B-00C04F79EFBC}") = "GymManagementPL", "GymManagementPL\GymManagementPL.csproj", "{596A224B-29A8-4A07-BB4B-13DA62E7D0DC}"
EndProject
Project("{FAE04EC0-301F-11D3-BF4B-00C04F79EFBC}") = "GymMangementDAL", "GymMangementDAL\GymMangementDAL.csproj", "{42CA2352-1DD0-4F9A-825C-D67CB23D9A2F}"
EndProject
Project("{FAE04EC0-301F-11D3-BF4B-00C04F79EFBC}") = "GymManagmentBLL", "GymManagmentBLL\GymManagmentBLL.csproj", "{6E40DF06-308F-4A9E-AFA3-778E5E5A4375}"
EndProject
Global
	GlobalSection(SolutionConfigurationPlatforms) = preSolution
		Debug|Any CPU = Debug|Any CPU
		Release|Any CPU = Release|Any CPU
	EndGlobalSection
	GlobalSection(ProjectConfigurationPlatforms) = postSolution
		{596A224B-29A8-4A07-BB4B-13DA62E7D0DC}.Debug|Any CPU.ActiveCfg = Debug|Any CPU
		{596A224B-29A8-4A07-BB4B-13DA62E7D0DC}.Debug|Any CPU.Build.0 = Debug|Any CPU
		{596A224B-29A8-4A07-BB4B-13DA62E7D0DC}.Release|Any CPU.ActiveCfg = Release|Any CPU
		{596A224B-29A8-4A07-BB4B-13DA62E7D0DC}.Release|Any CPU.Build.0 = Release|Any CPU
		{42CA2352-1DD0-4F9A-825C-D67CB23D9A2F}.Debug|Any CPU.ActiveCfg = Debug|Any CPU
		{42CA2352-1DD0-4F9A-825C-D67CB23D9A2F}.Debug|Any CPU.Build.0 = Debug|Any CPU
		{42CA2352-1DD0-4F9A-825C-D67CB23D9A2F}.Release|Any CPU.ActiveCfg = Release|Any CPU
		{42CA2352-1DD0-4F9A-825C-D67CB23D9A2F}.Release|Any CPU.Build.0 = Release|Any CPU
		{6E40DF06-308F-4A9E-AFA3-778E5E5A4375}.Debug|Any CPU.ActiveCfg = Debug|Any CPU
		{6E40DF06-308F-4A9E-AFA3-778E5E5A4375}.Debug|Any CPU.Build.0 = Debug|Any CPU
		{6E40DF06-308F-4A9E-AFA3-778E5E5A4375}.Release|Any CPU.ActiveCfg = Release|Any CPU
		{6E40DF06-308F-4A9E-AFA3-778E5E5A4375}.Release|Any CPU.Build.0 = Release|Any CPU
	EndGlobalSection
	GlobalSection(SolutionProperties) = preSolution
		HideSolutionNode = FALSE
	EndGlobalSection
	GlobalSection(ExtensibilityGlobals) = postSolution
		SolutionGuid = {55E9E905-FA10-4970-BA93-3BEC288F7155}
	EndGlobalSection
EndGlobal
